
Microsoft Visual Studio Solution File, Format Version 12.00
# Visual Studio 15
Project("{FAE04EC0-301F-11D3-BF4B-00C04F79EFBC}") = "Assembly-CSharp", "Assembly-CSharp.csproj", "{72683D42-3CD7-A867-F75B-A29247420398}"
EndProject
Project("{FAE04EC0-301F-11D3-BF4B-00C04F79EFBC}") = "Assembly-CSharp-Editor", "Assembly-CSharp-Editor.csproj", "{7406A2BD-D294-5B3C-E3EF-3DA7CC7A03E5}"
EndProject
Global
	GlobalSection(SolutionConfigurationPlatforms) = preSolution
		Debug|Any CPU = Debug|Any CPU
		Release|Any CPU = Release|Any CPU
	EndGlobalSection
	GlobalSection(ProjectConfigurationPlatforms) = postSolution
		{72683D42-3CD7-A867-F75B-A29247420398}.Debug|Any CPU.ActiveCfg = Debug|Any CPU
		{72683D42-3CD7-A867-F75B-A29247420398}.Debug|Any CPU.Build.0 = Debug|Any CPU
		{72683D42-3CD7-A867-F75B-A29247420398}.Release|Any CPU.ActiveCfg = Release|Any CPU
		{72683D42-3CD7-A867-F75B-A29247420398}.Release|Any CPU.Build.0 = Release|Any CPU
		{7406A2BD-D294-5B3C-E3EF-3DA7CC7A03E5}.Debug|Any CPU.ActiveCfg = Debug|Any CPU
		{7406A2BD-D294-5B3C-E3EF-3DA7CC7A03E5}.Debug|Any CPU.Build.0 = Debug|Any CPU
		{7406A2BD-D294-5B3C-E3EF-3DA7CC7A03E5}.Release|Any CPU.ActiveCfg = Release|Any CPU
		{7406A2BD-D294-5B3C-E3EF-3DA7CC7A03E5}.Release|Any CPU.Build.0 = Release|Any CPU
	EndGlobalSection
	GlobalSection(SolutionProperties) = preSolution
		HideSolutionNode = FALSE
	EndGlobalSection
EndGlobal
